
Microsoft Visual Studio Solution File, Format Version 12.00
# Visual Studio 2013
VisualStudioVersion = 12.0.40629.0
MinimumVisualStudioVersion = 10.0.40219.1
Project("{FAE04EC0-301F-11D3-BF4B-00C04F79EFBC}") = "MyHomePage", "MyHomePage\MyHomePage.csproj", "{23873FC5-92B5-45E7-8D57-91EB0B6B3A28}"
EndProject
Project("{FAE04EC0-301F-11D3-BF4B-00C04F79EFBC}") = "MyHomePageTests", "MyHomePageTests\MyHomePageTests.csproj", "{685C89BA-F1C4-4160-B6E8-11726F4DD2EA}"
EndProject
Global
	GlobalSection(SolutionConfigurationPlatforms) = preSolution
		Debug|Any CPU = Debug|Any CPU
		Release|Any CPU = Release|Any CPU
	EndGlobalSection
	GlobalSection(ProjectConfigurationPlatforms) = postSolution
		{23873FC5-92B5-45E7-8D57-91EB0B6B3A28}.Debug|Any CPU.ActiveCfg = Debug|Any CPU
		{23873FC5-92B5-45E7-8D57-91EB0B6B3A28}.Debug|Any CPU.Build.0 = Debug|Any CPU
		{23873FC5-92B5-45E7-8D57-91EB0B6B3A28}.Release|Any CPU.ActiveCfg = Release|Any CPU
		{23873FC5-92B5-45E7-8D57-91EB0B6B3A28}.Release|Any CPU.Build.0 = Release|Any CPU
		{685C89BA-F1C4-4160-B6E8-11726F4DD2EA}.Debug|Any CPU.ActiveCfg = Debug|Any CPU
		{685C89BA-F1C4-4160-B6E8-11726F4DD2EA}.Debug|Any CPU.Build.0 = Debug|Any CPU
		{685C89BA-F1C4-4160-B6E8-11726F4DD2EA}.Release|Any CPU.ActiveCfg = Release|Any CPU
		{685C89BA-F1C4-4160-B6E8-11726F4DD2EA}.Release|Any CPU.Build.0 = Release|Any CPU
	EndGlobalSection
	GlobalSection(SolutionProperties) = preSolution
		HideSolutionNode = FALSE
	EndGlobalSection
EndGlobal
